{
    "name": "task-install_inspec",
    "version": "1.0.0",
    "lockfileVersion": 1,
    "requires": true,
    "dependencies": {
        "balanced-match": {
            "version": "1.0.0",
            "resolved": "https://registry.npmjs.org/balanced-match/-/balanced-match-1.0.0.tgz",
            "integrity": "sha1-ibTRmasr7kneFk6gK4nORi1xt2c="
        },
        "brace-expansion": {
            "version": "1.1.8",
            "resolved": "https://registry.npmjs.org/brace-expansion/-/brace-expansion-1.1.8.tgz",
            "integrity": "sha1-wHshHHyVLsH479Uad+8NHTmQopI=",
            "requires": {
                "balanced-match": "1.0.0",
                "concat-map": "0.0.1"
            }
        },
        "commander": {
            "version": "4.1.1",
            "resolved": "https://registry.npmjs.org/commander/-/commander-4.1.1.tgz",
            "integrity": "sha512-NOKm8xhkzAjzFx8B2v5OAHT+u5pRQc2UCa2Vq9jYL/31o2wi9mxBA7LIFs3sV5VSC49z6pEhfbMULvShKj26WA=="
        },
        "concat-map": {
            "version": "0.0.1",
            "resolved": "https://registry.npmjs.org/concat-map/-/concat-map-0.0.1.tgz",
            "integrity": "sha1-2Klr13/Wjfd5OnMDajug1UBdR3s="
        },
        "cross-spawn": {
            "version": "5.1.0",
            "resolved": "https://registry.npmjs.org/cross-spawn/-/cross-spawn-5.1.0.tgz",
            "integrity": "sha1-6L0O/uWPz/b4+UUQoKVUu/ojVEk=",
            "requires": {
                "lru-cache": "4.1.1",
                "shebang-command": "1.2.0",
                "which": "1.3.0"
            }
        },
        "dot-object": {
            "version": "2.1.3",
            "resolved": "https://registry.npmjs.org/dot-object/-/dot-object-2.1.3.tgz",
            "integrity": "sha512-YihsbZiGU2nEXQs1vjwjBNDJ85BMRHO4ahybAsuHERCxUecFoyt4xM3NO4GskNj8hFLRsgrwE4xBDe8XSOAiYg==",
            "requires": {
                "commander": "^4.0.0",
                "glob": "^7.1.5"
            },
            "dependencies": {
                "glob": {
                    "version": "7.1.6",
                    "resolved": "https://registry.npmjs.org/glob/-/glob-7.1.6.tgz",
                    "integrity": "sha512-LwaxwyZ72Lk7vZINtNNrywX0ZuLyStrdDtabefZKAY5ZGJhVtgdznluResxNmPitE0SAO+O26sWTHeKSI2wMBA==",
                    "requires": {
                        "fs.realpath": "^1.0.0",
                        "inflight": "^1.0.4",
                        "inherits": "2",
                        "minimatch": "^3.0.4",
                        "once": "^1.3.0",
                        "path-is-absolute": "^1.0.0"
                    }
                }
            }
        },
        "execa": {
            "version": "0.6.3",
            "resolved": "https://registry.npmjs.org/execa/-/execa-0.6.3.tgz",
            "integrity": "sha1-V7aaWU8IF1nGnlNw8NF7nLEWWP4=",
            "requires": {
                "cross-spawn": "5.1.0",
                "get-stream": "3.0.0",
                "is-stream": "1.1.0",
                "npm-run-path": "2.0.2",
                "p-finally": "1.0.0",
                "signal-exit": "3.0.2",
                "strip-eof": "1.0.0"
            }
        },
        "fs.realpath": {
            "version": "1.0.0",
            "resolved": "https://registry.npmjs.org/fs.realpath/-/fs.realpath-1.0.0.tgz",
            "integrity": "sha1-FQStJSMVjKpA20onh8sBQRmU6k8="
        },
        "get-stream": {
            "version": "3.0.0",
            "resolved": "https://registry.npmjs.org/get-stream/-/get-stream-3.0.0.tgz",
            "integrity": "sha1-jpQ9E1jcN1VQVOy+LtsFqhdO3hQ="
        },
        "glob": {
            "version": "6.0.4",
            "resolved": "https://registry.npmjs.org/glob/-/glob-6.0.4.tgz",
            "integrity": "sha1-DwiGD2oVUSey+t1PnOJLGqtuTSI=",
            "requires": {
                "inflight": "1.0.6",
                "inherits": "2.0.3",
                "minimatch": "3.0.4",
                "once": "1.4.0",
                "path-is-absolute": "1.0.1"
            }
        },
        "inflight": {
            "version": "1.0.6",
            "resolved": "https://registry.npmjs.org/inflight/-/inflight-1.0.6.tgz",
            "integrity": "sha1-Sb1jMdfQLQwJvJEKEHW6gWW1bfk=",
            "requires": {
                "once": "1.4.0",
                "wrappy": "1.0.2"
            }
        },
        "inherits": {
            "version": "2.0.3",
            "resolved": "https://registry.npmjs.org/inherits/-/inherits-2.0.3.tgz",
            "integrity": "sha1-Yzwsg+PaQqUC9SRmAiSA9CCCYd4="
        },
        "is-admin": {
            "version": "2.1.1",
            "resolved": "https://registry.npmjs.org/is-admin/-/is-admin-2.1.1.tgz",
            "integrity": "sha1-eYaQMOwC0sv4+Ky1cFR1wiY5T7o=",
            "requires": {
                "execa": "0.6.3"
            }
        },
        "is-elevated": {
            "version": "2.0.1",
            "resolved": "https://registry.npmjs.org/is-elevated/-/is-elevated-2.0.1.tgz",
            "integrity": "sha1-CisKArXdvlYOM5kqzUtURUdJmZg=",
            "requires": {
                "is-admin": "2.1.1",
                "is-root": "1.0.0"
            }
        },
        "is-root": {
            "version": "1.0.0",
            "resolved": "https://registry.npmjs.org/is-root/-/is-root-1.0.0.tgz",
            "integrity": "sha1-B7bCM7w5TNnQK6FclmvWZg1jQtU="
        },
        "is-stream": {
            "version": "1.1.0",
            "resolved": "https://registry.npmjs.org/is-stream/-/is-stream-1.1.0.tgz",
            "integrity": "sha1-EtSj3U5o4Lec6428hBc66A2RykQ="
        },
        "isexe": {
            "version": "2.0.0",
            "resolved": "https://registry.npmjs.org/isexe/-/isexe-2.0.0.tgz",
            "integrity": "sha1-6PvzdNxVb/iUehDcsFctYz8s+hA="
        },
        "lru-cache": {
            "version": "4.1.1",
            "resolved": "https://registry.npmjs.org/lru-cache/-/lru-cache-4.1.1.tgz",
            "integrity": "sha512-q4spe4KTfsAS1SUHLO0wz8Qiyf1+vMIAgpRYioFYDMNqKfHQbg+AVDH3i4fvpl71/P1L0dBl+fQi+P37UYf0ew==",
            "requires": {
                "pseudomap": "1.0.2",
                "yallist": "2.1.2"
            }
        },
        "minimatch": {
            "version": "3.0.4",
            "resolved": "https://registry.npmjs.org/minimatch/-/minimatch-3.0.4.tgz",
            "integrity": "sha512-yJHVQEhyqPLUTgt9B83PXu6W3rx4MvvHvSUvToogpwoGDOUQ+yDrR0HRot+yOCdCO7u4hX3pWft6kWBBcqh0UA==",
            "requires": {
                "brace-expansion": "1.1.8"
            }
        },
        "mockery": {
            "version": "1.7.0",
            "resolved": "https://registry.npmjs.org/mockery/-/mockery-1.7.0.tgz",
            "integrity": "sha1-9O3g2HUMHJcnwnLqLGBiniyaHE8="
        },
        "moment": {
            "version": "2.19.2",
            "resolved": "https://registry.npmjs.org/moment/-/moment-2.19.2.tgz",
            "integrity": "sha512-Rf6jiHPEfxp9+dlzxPTmRHbvoFXsh2L/U8hOupUMpnuecHQmI6cF6lUbJl3QqKPko1u6ujO+FxtcajLVfLpAtA=="
        },
        "node-uuid": {
            "version": "1.4.8",
            "resolved": "https://registry.npmjs.org/node-uuid/-/node-uuid-1.4.8.tgz",
            "integrity": "sha1-sEDrCSOWivq/jTL7HxfxFn/auQc="
        },
        "npm-run-path": {
            "version": "2.0.2",
            "resolved": "https://registry.npmjs.org/npm-run-path/-/npm-run-path-2.0.2.tgz",
            "integrity": "sha1-NakjLfo11wZ7TLLd8jV7GHFTbF8=",
            "requires": {
                "path-key": "2.0.1"
            }
        },
        "once": {
            "version": "1.4.0",
            "resolved": "https://registry.npmjs.org/once/-/once-1.4.0.tgz",
            "integrity": "sha1-WDsap3WWHUsROsF9nFC6753Xa9E=",
            "requires": {
                "wrappy": "1.0.2"
            }
        },
        "p-finally": {
            "version": "1.0.0",
            "resolved": "https://registry.npmjs.org/p-finally/-/p-finally-1.0.0.tgz",
            "integrity": "sha1-P7z7FbiZpEEjs0ttzBi3JDNqLK4="
        },
        "path-is-absolute": {
            "version": "1.0.1",
            "resolved": "https://registry.npmjs.org/path-is-absolute/-/path-is-absolute-1.0.1.tgz",
            "integrity": "sha1-F0uSaHNVNP+8es5r9TpanhtcX18="
        },
        "path-key": {
            "version": "2.0.1",
            "resolved": "https://registry.npmjs.org/path-key/-/path-key-2.0.1.tgz",
            "integrity": "sha1-QRyttXTFoUDTpLGRDUDYDMn0C0A="
        },
        "pseudomap": {
            "version": "1.0.2",
            "resolved": "https://registry.npmjs.org/pseudomap/-/pseudomap-1.0.2.tgz",
            "integrity": "sha1-8FKijacOYYkX7wqKw0wa5aaChrM="
        },
        "q": {
            "version": "1.5.1",
            "resolved": "https://registry.npmjs.org/q/-/q-1.5.1.tgz",
            "integrity": "sha1-fjL3W0E4EpHQRhHxvxQQmsAGUdc="
        },
        "semver": {
            "version": "5.4.1",
            "resolved": "https://registry.npmjs.org/semver/-/semver-5.4.1.tgz",
            "integrity": "sha512-WfG/X9+oATh81XtllIo/I8gOiY9EXRdv1cQdyykeXK17YcUW3EXUAi2To4pcH6nZtJPr7ZOpM5OMyWJZm+8Rsg=="
        },
        "shebang-command": {
            "version": "1.2.0",
            "resolved": "https://registry.npmjs.org/shebang-command/-/shebang-command-1.2.0.tgz",
            "integrity": "sha1-RKrGW2lbAzmJaMOfNj/uXer98eo=",
            "requires": {
                "shebang-regex": "1.0.0"
            }
        },
        "shebang-regex": {
            "version": "1.0.0",
            "resolved": "https://registry.npmjs.org/shebang-regex/-/shebang-regex-1.0.0.tgz",
            "integrity": "sha1-2kL0l0DAtC2yypcoVxyxkMmO/qM="
        },
        "shelljs": {
            "version": "0.3.0",
            "resolved": "https://registry.npmjs.org/shelljs/-/shelljs-0.3.0.tgz",
            "integrity": "sha1-NZbmMHp4FUT1kfN9phg2DzHbV7E="
        },
        "signal-exit": {
            "version": "3.0.2",
            "resolved": "https://registry.npmjs.org/signal-exit/-/signal-exit-3.0.2.tgz",
            "integrity": "sha1-tf3AjxKH6hF4Yo5BXiUTK3NkbG0="
        },
        "sprintf-js": {
            "version": "1.1.1",
            "resolved": "https://registry.npmjs.org/sprintf-js/-/sprintf-js-1.1.1.tgz",
            "integrity": "sha1-Nr54Mgr+WAH2zqPueLblqrlA6gw="
        },
        "strip-eof": {
            "version": "1.0.0",
            "resolved": "https://registry.npmjs.org/strip-eof/-/strip-eof-1.0.0.tgz",
            "integrity": "sha1-u0P/VZim6wXYm1n80SnJgzE2Br8="
        },
        "vso-node-api": {
            "version": "0.6.1",
            "resolved": "https://registry.npmjs.org/vso-node-api/-/vso-node-api-0.6.1.tgz",
            "integrity": "sha1-nT3Qao2uL/NoKvjyioRXOaC9ZIE=",
            "requires": {
                "q": "1.5.1"
            }
        },
        "vsts-task-lib": {
            "version": "1.1.0",
            "resolved": "https://registry.npmjs.org/vsts-task-lib/-/vsts-task-lib-1.1.0.tgz",
            "integrity": "sha1-hasTGOVmwFWnY9nyUSAXx75CVts=",
            "requires": {
                "glob": "6.0.4",
                "minimatch": "3.0.4",
                "mockery": "1.7.0",
                "node-uuid": "1.4.8",
                "q": "1.5.1",
                "semver": "5.4.1",
                "shelljs": "0.3.0",
                "vso-node-api": "0.6.1"
            }
        },
        "which": {
            "version": "1.3.0",
            "resolved": "https://registry.npmjs.org/which/-/which-1.3.0.tgz",
            "integrity": "sha512-xcJpopdamTuY5duC/KnTTNBraPK54YwpenP4lzxU8H91GudWpFv38u0CKjclE1Wi2EH2EDz5LRcHcKbCIzqGyg==",
            "requires": {
                "isexe": "2.0.0"
            }
        },
        "wrappy": {
            "version": "1.0.2",
            "resolved": "https://registry.npmjs.org/wrappy/-/wrappy-1.0.2.tgz",
            "integrity": "sha1-tSQ9jz7BqjXxNkYFvA0QNuMKtp8="
        },
        "yallist": {
            "version": "2.1.2",
            "resolved": "https://registry.npmjs.org/yallist/-/yallist-2.1.2.tgz",
            "integrity": "sha1-HBH5IY8HYImkfdUS+TxmmaaoHVI="
        }
    }
}
